// !$*UTF8*$!
{
	archiveVersion = 1;
	classes = {
	};
	objectVersion = 55;
	objects = {

/* Begin PBXBuildFile section */
		1B22A6B027E99E980025CFF9 /* PhotoThumbnailManager.swift in Sources */ = {isa = PBXBuildFile; fileRef = 1B22A6AF27E99E980025CFF9 /* PhotoThumbnailManager.swift */; };
		1B22A6B127E9A38B0025CFF9 /* PhotoThumbnailManager.swift in Sources */ = {isa = PBXBuildFile; fileRef = 1B22A6AF27E99E980025CFF9 /* PhotoThumbnailManager.swift */; };
		1B6AE17627E816CD002BB180 /* AppDelegate.swift in Sources */ = {isa = PBXBuildFile; fileRef = 1B6AE17527E816CD002BB180 /* AppDelegate.swift */; };
		1B6AE17827E816CD002BB180 /* SceneDelegate.swift in Sources */ = {isa = PBXBuildFile; fileRef = 1B6AE17727E816CD002BB180 /* SceneDelegate.swift */; };
		1B6AE17A27E816CD002BB180 /* PhotoViewController.swift in Sources */ = {isa = PBXBuildFile; fileRef = 1B6AE17927E816CD002BB180 /* PhotoViewController.swift */; };
		1B6AE17D27E816CD002BB180 /* Main.storyboard in Resources */ = {isa = PBXBuildFile; fileRef = 1B6AE17B27E816CD002BB180 /* Main.storyboard */; };
		1B6AE17F27E816CF002BB180 /* Assets.xcassets in Resources */ = {isa = PBXBuildFile; fileRef = 1B6AE17E27E816CF002BB180 /* Assets.xcassets */; };
		1B6AE18227E816CF002BB180 /* LaunchScreen.storyboard in Resources */ = {isa = PBXBuildFile; fileRef = 1B6AE18027E816CF002BB180 /* LaunchScreen.storyboard */; };
		1B6AE18D27E816CF002BB180 /* PhotosTests.swift in Sources */ = {isa = PBXBuildFile; fileRef = 1B6AE18C27E816CF002BB180 /* PhotosTests.swift */; };
		1B6AE19727E816CF002BB180 /* PhotosUITests.swift in Sources */ = {isa = PBXBuildFile; fileRef = 1B6AE19627E816CF002BB180 /* PhotosUITests.swift */; };
		1B6AE19927E816CF002BB180 /* PhotosUITestsLaunchTests.swift in Sources */ = {isa = PBXBuildFile; fileRef = 1B6AE19827E816CF002BB180 /* PhotosUITestsLaunchTests.swift */; };
		BCAB10B127E99934000064E2 /* PhotoCollectionViewCell.swift in Sources */ = {isa = PBXBuildFile; fileRef = BCAB10B027E99934000064E2 /* PhotoCollectionViewCell.swift */; };
/* End PBXBuildFile section */

/* Begin PBXContainerItemProxy section */
		1B6AE18927E816CF002BB180 /* PBXContainerItemProxy */ = {
			isa = PBXContainerItemProxy;
			containerPortal = 1B6AE16A27E816CD002BB180 /* Project object */;
			proxyType = 1;
			remoteGlobalIDString = 1B6AE17127E816CD002BB180;
			remoteInfo = Photos;
		};
		1B6AE19327E816CF002BB180 /* PBXContainerItemProxy */ = {
			isa = PBXContainerItemProxy;
			containerPortal = 1B6AE16A27E816CD002BB180 /* Project object */;
			proxyType = 1;
			remoteGlobalIDString = 1B6AE17127E816CD002BB180;
			remoteInfo = Photos;
		};
/* End PBXContainerItemProxy section */

/* Begin PBXFileReference section */
		1B22A6AF27E99E980025CFF9 /* PhotoThumbnailManager.swift */ = {isa = PBXFileReference; lastKnownFileType = sourcecode.swift; path = PhotoThumbnailManager.swift; sourceTree = "<group>"; };
		1B6AE17227E816CD002BB180 /* PhotoApp.app */ = {isa = PBXFileReference; explicitFileType = wrapper.application; includeInIndex = 0; path = PhotoApp.app; sourceTree = BUILT_PRODUCTS_DIR; };
		1B6AE17527E816CD002BB180 /* AppDelegate.swift */ = {isa = PBXFileReference; lastKnownFileType = sourcecode.swift; path = AppDelegate.swift; sourceTree = "<group>"; };
		1B6AE17727E816CD002BB180 /* SceneDelegate.swift */ = {isa = PBXFileReference; lastKnownFileType = sourcecode.swift; path = SceneDelegate.swift; sourceTree = "<group>"; };
		1B6AE17927E816CD002BB180 /* PhotoViewController.swift */ = {isa = PBXFileReference; lastKnownFileType = sourcecode.swift; path = PhotoViewController.swift; sourceTree = "<group>"; };
		1B6AE17C27E816CD002BB180 /* Base */ = {isa = PBXFileReference; lastKnownFileType = file.storyboard; name = Base; path = Base.lproj/Main.storyboard; sourceTree = "<group>"; };
		1B6AE17E27E816CF002BB180 /* Assets.xcassets */ = {isa = PBXFileReference; lastKnownFileType = folder.assetcatalog; path = Assets.xcassets; sourceTree = "<group>"; };
		1B6AE18127E816CF002BB180 /* Base */ = {isa = PBXFileReference; lastKnownFileType = file.storyboard; name = Base; path = Base.lproj/LaunchScreen.storyboard; sourceTree = "<group>"; };
		1B6AE18327E816CF002BB180 /* Info.plist */ = {isa = PBXFileReference; lastKnownFileType = text.plist.xml; path = Info.plist; sourceTree = "<group>"; };
		1B6AE18827E816CF002BB180 /* PhotoAppTests.xctest */ = {isa = PBXFileReference; explicitFileType = wrapper.cfbundle; includeInIndex = 0; path = PhotoAppTests.xctest; sourceTree = BUILT_PRODUCTS_DIR; };
		1B6AE18C27E816CF002BB180 /* PhotosTests.swift */ = {isa = PBXFileReference; lastKnownFileType = sourcecode.swift; path = PhotosTests.swift; sourceTree = "<group>"; };
		1B6AE19227E816CF002BB180 /* PhotoAppUITests.xctest */ = {isa = PBXFileReference; explicitFileType = wrapper.cfbundle; includeInIndex = 0; path = PhotoAppUITests.xctest; sourceTree = BUILT_PRODUCTS_DIR; };
		1B6AE19627E816CF002BB180 /* PhotosUITests.swift */ = {isa = PBXFileReference; lastKnownFileType = sourcecode.swift; path = PhotosUITests.swift; sourceTree = "<group>"; };
		1B6AE19827E816CF002BB180 /* PhotosUITestsLaunchTests.swift */ = {isa = PBXFileReference; lastKnownFileType = sourcecode.swift; path = PhotosUITestsLaunchTests.swift; sourceTree = "<group>"; };
		BCAB10B027E99934000064E2 /* PhotoCollectionViewCell.swift */ = {isa = PBXFileReference; lastKnownFileType = sourcecode.swift; path = PhotoCollectionViewCell.swift; sourceTree = "<group>"; };
/* End PBXFileReference section */

/* Begin PBXFrameworksBuildPhase section */
		1B6AE16F27E816CD002BB180 /* Frameworks */ = {
			isa = PBXFrameworksBuildPhase;
			buildActionMask = 2147483647;
			files = (
			);
			runOnlyForDeploymentPostprocessing = 0;
		};
		1B6AE18527E816CF002BB180 /* Frameworks */ = {
			isa = PBXFrameworksBuildPhase;
			buildActionMask = 2147483647;
			files = (
			);
			runOnlyForDeploymentPostprocessing = 0;
		};
		1B6AE18F27E816CF002BB180 /* Frameworks */ = {
			isa = PBXFrameworksBuildPhase;
			buildActionMask = 2147483647;
			files = (
			);
			runOnlyForDeploymentPostprocessing = 0;
		};
/* End PBXFrameworksBuildPhase section */

/* Begin PBXGroup section */
		1B6AE16927E816CD002BB180 = {
			isa = PBXGroup;
			children = (
				1B6AE17427E816CD002BB180 /* Photos */,
				1B6AE18B27E816CF002BB180 /* PhotosTests */,
				1B6AE19527E816CF002BB180 /* PhotosUITests */,
				1B6AE17327E816CD002BB180 /* Products */,
			);
			sourceTree = "<group>";
		};
		1B6AE17327E816CD002BB180 /* Products */ = {
			isa = PBXGroup;
			children = (
				1B6AE17227E816CD002BB180 /* PhotoApp.app */,
				1B6AE18827E816CF002BB180 /* PhotoAppTests.xctest */,
				1B6AE19227E816CF002BB180 /* PhotoAppUITests.xctest */,
			);
			name = Products;
			sourceTree = "<group>";
		};
		1B6AE17427E816CD002BB180 /* Photos */ = {
			isa = PBXGroup;
			children = (
				BC9E8DB527EAE3D200D65C41 /* Supporting */,
				BC9E8DB327EAE38C00D65C41 /* View */,
				BC9E8DB227EAE37C00D65C41 /* Model */,
				BC9E8DB127EAE36000D65C41 /* Controller */,
			);
			path = Photos;
			sourceTree = "<group>";
		};
		1B6AE18B27E816CF002BB180 /* PhotosTests */ = {
			isa = PBXGroup;
			children = (
				1B6AE18C27E816CF002BB180 /* PhotosTests.swift */,
			);
			path = PhotosTests;
			sourceTree = "<group>";
		};
		1B6AE19527E816CF002BB180 /* PhotosUITests */ = {
			isa = PBXGroup;
			children = (
				1B6AE19627E816CF002BB180 /* PhotosUITests.swift */,
				1B6AE19827E816CF002BB180 /* PhotosUITestsLaunchTests.swift */,
			);
			path = PhotosUITests;
			sourceTree = "<group>";
		};
		BC9E8DB127EAE36000D65C41 /* Controller */ = {
			isa = PBXGroup;
			children = (
				1B6AE17927E816CD002BB180 /* PhotoViewController.swift */,
			);
			path = Controller;
			sourceTree = "<group>";
		};
		BC9E8DB227EAE37C00D65C41 /* Model */ = {
			isa = PBXGroup;
			children = (
				1B22A6AF27E99E980025CFF9 /* PhotoThumbnailManager.swift */,
			);
			path = Model;
			sourceTree = "<group>";
		};
		BC9E8DB327EAE38C00D65C41 /* View */ = {
			isa = PBXGroup;
			children = (
				1B6AE17B27E816CD002BB180 /* Main.storyboard */,
				1B6AE18027E816CF002BB180 /* LaunchScreen.storyboard */,
				BCAB10B027E99934000064E2 /* PhotoCollectionViewCell.swift */,
			);
			path = View;
			sourceTree = "<group>";
		};
		BC9E8DB527EAE3D200D65C41 /* Supporting */ = {
			isa = PBXGroup;
			children = (
				1B6AE17527E816CD002BB180 /* AppDelegate.swift */,
				1B6AE17727E816CD002BB180 /* SceneDelegate.swift */,
				1B6AE17E27E816CF002BB180 /* Assets.xcassets */,
				1B6AE18327E816CF002BB180 /* Info.plist */,
			);
			path = Supporting;
			sourceTree = "<group>";
		};
/* End PBXGroup section */

/* Begin PBXNativeTarget section */
		1B6AE17127E816CD002BB180 /* PhotoApp */ = {
			isa = PBXNativeTarget;
			buildConfigurationList = 1B6AE19C27E816CF002BB180 /* Build configuration list for PBXNativeTarget "PhotoApp" */;
			buildPhases = (
				1B6AE16E27E816CD002BB180 /* Sources */,
				1B6AE16F27E816CD002BB180 /* Frameworks */,
				1B6AE17027E816CD002BB180 /* Resources */,
			);
			buildRules = (
			);
			dependencies = (
			);
			name = PhotoApp;
			productName = Photos;
			productReference = 1B6AE17227E816CD002BB180 /* PhotoApp.app */;
			productType = "com.apple.product-type.application";
		};
		1B6AE18727E816CF002BB180 /* PhotoAppTests */ = {
			isa = PBXNativeTarget;
			buildConfigurationList = 1B6AE19F27E816CF002BB180 /* Build configuration list for PBXNativeTarget "PhotoAppTests" */;
			buildPhases = (
				1B6AE18427E816CF002BB180 /* Sources */,
				1B6AE18527E816CF002BB180 /* Frameworks */,
				1B6AE18627E816CF002BB180 /* Resources */,
			);
			buildRules = (
			);
			dependencies = (
				1B6AE18A27E816CF002BB180 /* PBXTargetDependency */,
			);
			name = PhotoAppTests;
			productName = PhotosTests;
			productReference = 1B6AE18827E816CF002BB180 /* PhotoAppTests.xctest */;
			productType = "com.apple.product-type.bundle.unit-test";
		};
		1B6AE19127E816CF002BB180 /* PhotoAppUITests */ = {
			isa = PBXNativeTarget;
			buildConfigurationList = 1B6AE1A227E816CF002BB180 /* Build configuration list for PBXNativeTarget "PhotoAppUITests" */;
			buildPhases = (
				1B6AE18E27E816CF002BB180 /* Sources */,
				1B6AE18F27E816CF002BB180 /* Frameworks */,
				1B6AE19027E816CF002BB180 /* Resources */,
			);
			buildRules = (
			);
			dependencies = (
				1B6AE19427E816CF002BB180 /* PBXTargetDependency */,
			);
			name = PhotoAppUITests;
			productName = PhotosUITests;
			productReference = 1B6AE19227E816CF002BB180 /* PhotoAppUITests.xctest */;
			productType = "com.apple.product-type.bundle.ui-testing";
		};
/* End PBXNativeTarget section */

/* Begin PBXProject section */
		1B6AE16A27E816CD002BB180 /* Project object */ = {
			isa = PBXProject;
			attributes = {
				BuildIndependentTargetsInParallel = 1;
				LastSwiftUpdateCheck = 1330;
				LastUpgradeCheck = 1330;
				TargetAttributes = {
					1B6AE17127E816CD002BB180 = {
						CreatedOnToolsVersion = 13.3;
					};
					1B6AE18727E816CF002BB180 = {
						CreatedOnToolsVersion = 13.3;
						TestTargetID = 1B6AE17127E816CD002BB180;
					};
					1B6AE19127E816CF002BB180 = {
						CreatedOnToolsVersion = 13.3;
						TestTargetID = 1B6AE17127E816CD002BB180;
					};
				};
			};
			buildConfigurationList = 1B6AE16D27E816CD002BB180 /* Build configuration list for PBXProject "PhotoApp" */;
			compatibilityVersion = "Xcode 13.0";
			developmentRegion = en;
			hasScannedForEncodings = 0;
			knownRegions = (
				en,
				Base,
			);
			mainGroup = 1B6AE16927E816CD002BB180;
			productRefGroup = 1B6AE17327E816CD002BB180 /* Products */;
			projectDirPath = "";
			projectRoot = "";
			targets = (
				1B6AE17127E816CD002BB180 /* PhotoApp */,
				1B6AE18727E816CF002BB180 /* PhotoAppTests */,
				1B6AE19127E816CF002BB180 /* PhotoAppUITests */,
			);
		};
/* End PBXProject section */

/* Begin PBXResourcesBuildPhase section */
		1B6AE17027E816CD002BB180 /* Resources */ = {
			isa = PBXResourcesBuildPhase;
			buildActionMask = 2147483647;
			files = (
				1B6AE18227E816CF002BB180 /* LaunchScreen.storyboard in Resources */,
				1B6AE17F27E816CF002BB180 /* Assets.xcassets in Resources */,
				1B6AE17D27E816CD002BB180 /* Main.storyboard in Resources */,
			);
			runOnlyForDeploymentPostprocessing = 0;
		};
		1B6AE18627E816CF002BB180 /* Resources */ = {
			isa = PBXResourcesBuildPhase;
			buildActionMask = 2147483647;
			files = (
			);
			runOnlyForDeploymentPostprocessing = 0;
		};
		1B6AE19027E816CF002BB180 /* Resources */ = {
			isa = PBXResourcesBuildPhase;
			buildActionMask = 2147483647;
			files = (
			);
			runOnlyForDeploymentPostprocessing = 0;
		};
/* End PBXResourcesBuildPhase section */

/* Begin PBXSourcesBuildPhase section */
		1B6AE16E27E816CD002BB180 /* Sources */ = {
			isa = PBXSourcesBuildPhase;
			buildActionMask = 2147483647;
			files = (
				1B22A6B027E99E980025CFF9 /* PhotoThumbnailManager.swift in Sources */,
				1B6AE17A27E816CD002BB180 /* PhotoViewController.swift in Sources */,
				1B6AE17627E816CD002BB180 /* AppDelegate.swift in Sources */,
				BCAB10B127E99934000064E2 /* PhotoCollectionViewCell.swift in Sources */,
				1B6AE17827E816CD002BB180 /* SceneDelegate.swift in Sources */,
			);
			runOnlyForDeploymentPostprocessing = 0;
		};
		1B6AE18427E816CF002BB180 /* Sources */ = {
			isa = PBXSourcesBuildPhase;
			buildActionMask = 2147483647;
			files = (
				1B6AE18D27E816CF002BB180 /* PhotosTests.swift in Sources */,
				1B22A6B127E9A38B0025CFF9 /* PhotoThumbnailManager.swift in Sources */,
			);
			runOnlyForDeploymentPostprocessing = 0;
		};
		1B6AE18E27E816CF002BB180 /* Sources */ = {
			isa = PBXSourcesBuildPhase;
			buildActionMask = 2147483647;
			files = (
				1B6AE19727E816CF002BB180 /* PhotosUITests.swift in Sources */,
				1B6AE19927E816CF002BB180 /* PhotosUITestsLaunchTests.swift in Sources */,
			);
			runOnlyForDeploymentPostprocessing = 0;
		};
/* End PBXSourcesBuildPhase section */

/* Begin PBXTargetDependency section */
		1B6AE18A27E816CF002BB180 /* PBXTargetDependency */ = {
			isa = PBXTargetDependency;
			target = 1B6AE17127E816CD002BB180 /* PhotoApp */;
			targetProxy = 1B6AE18927E816CF002BB180 /* PBXContainerItemProxy */;
		};
		1B6AE19427E816CF002BB180 /* PBXTargetDependency */ = {
			isa = PBXTargetDependency;
			target = 1B6AE17127E816CD002BB180 /* PhotoApp */;
			targetProxy = 1B6AE19327E816CF002BB180 /* PBXContainerItemProxy */;
		};
/* End PBXTargetDependency section */

/* Begin PBXVariantGroup section */
		1B6AE17B27E816CD002BB180 /* Main.storyboard */ = {
			isa = PBXVariantGroup;
			children = (
				1B6AE17C27E816CD002BB180 /* Base */,
			);
			name = Main.storyboard;
			sourceTree = "<group>";
		};
		1B6AE18027E816CF002BB180 /* LaunchScreen.storyboard */ = {
			isa = PBXVariantGroup;
			children = (
				1B6AE18127E816CF002BB180 /* Base */,
			);
			name = LaunchScreen.storyboard;
			sourceTree = "<group>";
		};
/* End PBXVariantGroup section */

/* Begin XCBuildConfiguration section */
		1B6AE19A27E816CF002BB180 /* Debug */ = {
			isa = XCBuildConfiguration;
			buildSettings = {
				ALWAYS_SEARCH_USER_PATHS = NO;
				CLANG_ANALYZER_NONNULL = YES;
				CLANG_ANALYZER_NUMBER_OBJECT_CONVERSION = YES_AGGRESSIVE;
				CLANG_CXX_LANGUAGE_STANDARD = "gnu++17";
				CLANG_ENABLE_MODULES = YES;
				CLANG_ENABLE_OBJC_ARC = YES;
				CLANG_ENABLE_OBJC_WEAK = YES;
				CLANG_WARN_BLOCK_CAPTURE_AUTORELEASING = YES;
				CLANG_WARN_BOOL_CONVERSION = YES;
				CLANG_WARN_COMMA = YES;
				CLANG_WARN_CONSTANT_CONVERSION = YES;
				CLANG_WARN_DEPRECATED_OBJC_IMPLEMENTATIONS = YES;
				CLANG_WARN_DIRECT_OBJC_ISA_USAGE = YES_ERROR;
				CLANG_WARN_DOCUMENTATION_COMMENTS = YES;
				CLANG_WARN_EMPTY_BODY = YES;
				CLANG_WARN_ENUM_CONVERSION = YES;
				CLANG_WARN_INFINITE_RECURSION = YES;
				CLANG_WARN_INT_CONVERSION = YES;
				CLANG_WARN_NON_LITERAL_NULL_CONVERSION = YES;
				CLANG_WARN_OBJC_IMPLICIT_RETAIN_SELF = YES;
				CLANG_WARN_OBJC_LITERAL_CONVERSION = YES;
				CLANG_WARN_OBJC_ROOT_CLASS = YES_ERROR;
				CLANG_WARN_QUOTED_INCLUDE_IN_FRAMEWORK_HEADER = YES;
				CLANG_WARN_RANGE_LOOP_ANALYSIS = YES;
				CLANG_WARN_STRICT_PROTOTYPES = YES;
				CLANG_WARN_SUSPICIOUS_MOVE = YES;
				CLANG_WARN_UNGUARDED_AVAILABILITY = YES_AGGRESSIVE;
				CLANG_WARN_UNREACHABLE_CODE = YES;
				CLANG_WARN__DUPLICATE_METHOD_MATCH = YES;
				COPY_PHASE_STRIP = NO;
				DEBUG_INFORMATION_FORMAT = dwarf;
				ENABLE_STRICT_OBJC_MSGSEND = YES;
				ENABLE_TESTABILITY = YES;
				GCC_C_LANGUAGE_STANDARD = gnu11;
				GCC_DYNAMIC_NO_PIC = NO;
				GCC_NO_COMMON_BLOCKS = YES;
				GCC_OPTIMIZATION_LEVEL = 0;
				GCC_PREPROCESSOR_DEFINITIONS = (
					"DEBUG=1",
					"$(inherited)",
				);
				GCC_WARN_64_TO_32_BIT_CONVERSION = YES;
				GCC_WARN_ABOUT_RETURN_TYPE = YES_ERROR;
				GCC_WARN_UNDECLARED_SELECTOR = YES;
				GCC_WARN_UNINITIALIZED_AUTOS = YES_AGGRESSIVE;
				GCC_WARN_UNUSED_FUNCTION = YES;
				GCC_WARN_UNUSED_VARIABLE = YES;
				IPHONEOS_DEPLOYMENT_TARGET = 15.4;
				MTL_ENABLE_DEBUG_INFO = INCLUDE_SOURCE;
				MTL_FAST_MATH = YES;
				ONLY_ACTIVE_ARCH = YES;
				SDKROOT = iphoneos;
				SWIFT_ACTIVE_COMPILATION_CONDITIONS = DEBUG;
				SWIFT_OPTIMIZATION_LEVEL = "-Onone";
			};
			name = Debug;
		};
		1B6AE19B27E816CF002BB180 /* Release */ = {
			isa = XCBuildConfiguration;
			buildSettings = {
				ALWAYS_SEARCH_USER_PATHS = NO;
				CLANG_ANALYZER_NONNULL = YES;
				CLANG_ANALYZER_NUMBER_OBJECT_CONVERSION = YES_AGGRESSIVE;
				CLANG_CXX_LANGUAGE_STANDARD = "gnu++17";
				CLANG_ENABLE_MODULES = YES;
				CLANG_ENABLE_OBJC_ARC = YES;
				CLANG_ENABLE_OBJC_WEAK = YES;
				CLANG_WARN_BLOCK_CAPTURE_AUTORELEASING = YES;
				CLANG_WARN_BOOL_CONVERSION = YES;
				CLANG_WARN_COMMA = YES;
				CLANG_WARN_CONSTANT_CONVERSION = YES;
				CLANG_WARN_DEPRECATED_OBJC_IMPLEMENTATIONS = YES;
				CLANG_WARN_DIRECT_OBJC_ISA_USAGE = YES_ERROR;
				CLANG_WARN_DOCUMENTATION_COMMENTS = YES;
				CLANG_WARN_EMPTY_BODY = YES;
				CLANG_WARN_ENUM_CONVERSION = YES;
				CLANG_WARN_INFINITE_RECURSION = YES;
				CLANG_WARN_INT_CONVERSION = YES;
				CLANG_WARN_NON_LITERAL_NULL_CONVERSION = YES;
				CLANG_WARN_OBJC_IMPLICIT_RETAIN_SELF = YES;
				CLANG_WARN_OBJC_LITERAL_CONVERSION = YES;
				CLANG_WARN_OBJC_ROOT_CLASS = YES_ERROR;
				CLANG_WARN_QUOTED_INCLUDE_IN_FRAMEWORK_HEADER = YES;
				CLANG_WARN_RANGE_LOOP_ANALYSIS = YES;
				CLANG_WARN_STRICT_PROTOTYPES = YES;
				CLANG_WARN_SUSPICIOUS_MOVE = YES;
				CLANG_WARN_UNGUARDED_AVAILABILITY = YES_AGGRESSIVE;
				CLANG_WARN_UNREACHABLE_CODE = YES;
				CLANG_WARN__DUPLICATE_METHOD_MATCH = YES;
				COPY_PHASE_STRIP = NO;
				DEBUG_INFORMATION_FORMAT = "dwarf-with-dsym";
				ENABLE_NS_ASSERTIONS = NO;
				ENABLE_STRICT_OBJC_MSGSEND = YES;
				GCC_C_LANGUAGE_STANDARD = gnu11;
				GCC_NO_COMMON_BLOCKS = YES;
				GCC_WARN_64_TO_32_BIT_CONVERSION = YES;
				GCC_WARN_ABOUT_RETURN_TYPE = YES_ERROR;
				GCC_WARN_UNDECLARED_SELECTOR = YES;
				GCC_WARN_UNINITIALIZED_AUTOS = YES_AGGRESSIVE;
				GCC_WARN_UNUSED_FUNCTION = YES;
				GCC_WARN_UNUSED_VARIABLE = YES;
				IPHONEOS_DEPLOYMENT_TARGET = 15.4;
				MTL_ENABLE_DEBUG_INFO = NO;
				MTL_FAST_MATH = YES;
				SDKROOT = iphoneos;
				SWIFT_COMPILATION_MODE = wholemodule;
				SWIFT_OPTIMIZATION_LEVEL = "-O";
				VALIDATE_PRODUCT = YES;
			};
			name = Release;
		};
		1B6AE19D27E816CF002BB180 /* Debug */ = {
			isa = XCBuildConfiguration;
			buildSettings = {
				ASSETCATALOG_COMPILER_APPICON_NAME = AppIcon;
				ASSETCATALOG_COMPILER_GLOBAL_ACCENT_COLOR_NAME = AccentColor;
				CODE_SIGN_STYLE = Automatic;
				CURRENT_PROJECT_VERSION = 1;
				GENERATE_INFOPLIST_FILE = YES;
				INFOPLIST_FILE = Photos/Supporting/Info.plist;
				INFOPLIST_KEY_UIApplicationSupportsIndirectInputEvents = YES;
				INFOPLIST_KEY_UILaunchStoryboardName = LaunchScreen;
				INFOPLIST_KEY_UIMainStoryboardFile = Main;
				INFOPLIST_KEY_UISupportedInterfaceOrientations_iPad = "UIInterfaceOrientationPortrait UIInterfaceOrientationPortraitUpsideDown UIInterfaceOrientationLandscapeLeft UIInterfaceOrientationLandscapeRight";
				INFOPLIST_KEY_UISupportedInterfaceOrientations_iPhone = "UIInterfaceOrientationPortrait UIInterfaceOrientationLandscapeLeft UIInterfaceOrientationLandscapeRight";
				LD_RUNPATH_SEARCH_PATHS = (
					"$(inherited)",
					"@executable_path/Frameworks",
				);
				MARKETING_VERSION = 1.0;
				PRODUCT_BUNDLE_IDENTIFIER = com.codesquad02.Photos;
				PRODUCT_NAME = "$(TARGET_NAME)";
				SWIFT_EMIT_LOC_STRINGS = YES;
				SWIFT_VERSION = 5.0;
				TARGETED_DEVICE_FAMILY = "1,2";
			};
			name = Debug;
		};
		1B6AE19E27E816CF002BB180 /* Release */ = {
			isa = XCBuildConfiguration;
			buildSettings = {
				ASSETCATALOG_COMPILER_APPICON_NAME = AppIcon;
				ASSETCATALOG_COMPILER_GLOBAL_ACCENT_COLOR_NAME = AccentColor;
				CODE_SIGN_STYLE = Automatic;
				CURRENT_PROJECT_VERSION = 1;
				GENERATE_INFOPLIST_FILE = YES;
				INFOPLIST_FILE = Photos/Supporting/Info.plist;
				INFOPLIST_KEY_UIApplicationSupportsIndirectInputEvents = YES;
				INFOPLIST_KEY_UILaunchStoryboardName = LaunchScreen;
				INFOPLIST_KEY_UIMainStoryboardFile = Main;
				INFOPLIST_KEY_UISupportedInterfaceOrientations_iPad = "UIInterfaceOrientationPortrait UIInterfaceOrientationPortraitUpsideDown UIInterfaceOrientationLandscapeLeft UIInterfaceOrientationLandscapeRight";
				INFOPLIST_KEY_UISupportedInterfaceOrientations_iPhone = "UIInterfaceOrientationPortrait UIInterfaceOrientationLandscapeLeft UIInterfaceOrientationLandscapeRight";
				LD_RUNPATH_SEARCH_PATHS = (
					"$(inherited)",
					"@executable_path/Frameworks",
				);
				MARKETING_VERSION = 1.0;
				PRODUCT_BUNDLE_IDENTIFIER = com.codesquad02.Photos;
				PRODUCT_NAME = "$(TARGET_NAME)";
				SWIFT_EMIT_LOC_STRINGS = YES;
				SWIFT_VERSION = 5.0;
				TARGETED_DEVICE_FAMILY = "1,2";
			};
			name = Release;
		};
		1B6AE1A027E816CF002BB180 /* Debug */ = {
			isa = XCBuildConfiguration;
			buildSettings = {
				ALWAYS_EMBED_SWIFT_STANDARD_LIBRARIES = YES;
				BUNDLE_LOADER = "$(TEST_HOST)";
				CODE_SIGN_STYLE = Automatic;
				CURRENT_PROJECT_VERSION = 1;
				GENERATE_INFOPLIST_FILE = YES;
				IPHONEOS_DEPLOYMENT_TARGET = 15.4;
				MARKETING_VERSION = 1.0;
				PRODUCT_BUNDLE_IDENTIFIER = com.codesquad02.PhotosTests;
				PRODUCT_NAME = "$(TARGET_NAME)";
				SWIFT_EMIT_LOC_STRINGS = NO;
				SWIFT_VERSION = 5.0;
				TARGETED_DEVICE_FAMILY = "1,2";
				TEST_HOST = "$(BUILT_PRODUCTS_DIR)/PhotoApp.app/PhotoApp";
			};
			name = Debug;
		};
		1B6AE1A127E816CF002BB180 /* Release */ = {
			isa = XCBuildConfiguration;
			buildSettings = {
				ALWAYS_EMBED_SWIFT_STANDARD_LIBRARIES = YES;
				BUNDLE_LOADER = "$(TEST_HOST)";
				CODE_SIGN_STYLE = Automatic;
				CURRENT_PROJECT_VERSION = 1;
				GENERATE_INFOPLIST_FILE = YES;
				IPHONEOS_DEPLOYMENT_TARGET = 15.4;
				MARKETING_VERSION = 1.0;
				PRODUCT_BUNDLE_IDENTIFIER = com.codesquad02.PhotosTests;
				PRODUCT_NAME = "$(TARGET_NAME)";
				SWIFT_EMIT_LOC_STRINGS = NO;
				SWIFT_VERSION = 5.0;
				TARGETED_DEVICE_FAMILY = "1,2";
				TEST_HOST = "$(BUILT_PRODUCTS_DIR)/PhotoApp.app/PhotoApp";
			};
			name = Release;
		};
		1B6AE1A327E816CF002BB180 /* Debug */ = {
			isa = XCBuildConfiguration;
			buildSettings = {
				ALWAYS_EMBED_SWIFT_STANDARD_LIBRARIES = YES;
				CODE_SIGN_STYLE = Automatic;
				CURRENT_PROJECT_VERSION = 1;
				GENERATE_INFOPLIST_FILE = YES;
				MARKETING_VERSION = 1.0;
				PRODUCT_BUNDLE_IDENTIFIER = com.codesquad02.PhotosUITests;
				PRODUCT_NAME = "$(TARGET_NAME)";
				SWIFT_EMIT_LOC_STRINGS = NO;
				SWIFT_VERSION = 5.0;
				TARGETED_DEVICE_FAMILY = "1,2";
				TEST_TARGET_NAME = Photos;
			};
			name = Debug;
		};
		1B6AE1A427E816CF002BB180 /* Release */ = {
			isa = XCBuildConfiguration;
			buildSettings = {
				ALWAYS_EMBED_SWIFT_STANDARD_LIBRARIES = YES;
				CODE_SIGN_STYLE = Automatic;
				CURRENT_PROJECT_VERSION = 1;
				GENERATE_INFOPLIST_FILE = YES;
				MARKETING_VERSION = 1.0;
				PRODUCT_BUNDLE_IDENTIFIER = com.codesquad02.PhotosUITests;
				PRODUCT_NAME = "$(TARGET_NAME)";
				SWIFT_EMIT_LOC_STRINGS = NO;
				SWIFT_VERSION = 5.0;
				TARGETED_DEVICE_FAMILY = "1,2";
				TEST_TARGET_NAME = Photos;
			};
			name = Release;
		};
/* End XCBuildConfiguration section */

/* Begin XCConfigurationList section */
		1B6AE16D27E816CD002BB180 /* Build configuration list for PBXProject "PhotoApp" */ = {
			isa = XCConfigurationList;
			buildConfigurations = (
				1B6AE19A27E816CF002BB180 /* Debug */,
				1B6AE19B27E816CF002BB180 /* Release */,
			);
			defaultConfigurationIsVisible = 0;
			defaultConfigurationName = Release;
		};
		1B6AE19C27E816CF002BB180 /* Build configuration list for PBXNativeTarget "PhotoApp" */ = {
			isa = XCConfigurationList;
			buildConfigurations = (
				1B6AE19D27E816CF002BB180 /* Debug */,
				1B6AE19E27E816CF002BB180 /* Release */,
			);
			defaultConfigurationIsVisible = 0;
			defaultConfigurationName = Release;
		};
		1B6AE19F27E816CF002BB180 /* Build configuration list for PBXNativeTarget "PhotoAppTests" */ = {
			isa = XCConfigurationList;
			buildConfigurations = (
				1B6AE1A027E816CF002BB180 /* Debug */,
				1B6AE1A127E816CF002BB180 /* Release */,
			);
			defaultConfigurationIsVisible = 0;
			defaultConfigurationName = Release;
		};
		1B6AE1A227E816CF002BB180 /* Build configuration list for PBXNativeTarget "PhotoAppUITests" */ = {
			isa = XCConfigurationList;
			buildConfigurations = (
				1B6AE1A327E816CF002BB180 /* Debug */,
				1B6AE1A427E816CF002BB180 /* Release */,
			);
			defaultConfigurationIsVisible = 0;
			defaultConfigurationName = Release;
		};
/* End XCConfigurationList section */
	};
	rootObject = 1B6AE16A27E816CD002BB180 /* Project object */;
}
